// !$*UTF8*$!
{
	archiveVersion = 1;
	classes = {
	};
	objectVersion = 56;
	objects = {

/* Begin PBXBuildFile section */
		B9028AFC2E43D891004D363C /* Media.xcassets in Resources */ = {isa = PBXBuildFile; fileRef = B9028AFB2E43D891004D363C /* Media.xcassets */; };
		B9B857BA2E3FF7EA00D47944 /* Assets.xcassets in Resources */ = {isa = PBXBuildFile; fileRef = B9B857B92E3FF7EA00D47944 /* Assets.xcassets */; };
		B9B857BD2E3FF7EA00D47944 /* Preview Assets.xcassets in Resources */ = {isa = PBXBuildFile; fileRef = B9B857BC2E3FF7EA00D47944 /* Preview Assets.xcassets */; };
		B9B857C82E3FF7EA00D47944 /* mortycalcTests.swift in Sources */ = {isa = PBXBuildFile; fileRef = B9B857C72E3FF7EA00D47944 /* mortycalcTests.swift */; };
		B9B857D22E3FF7EA00D47944 /* mortycalcUITests.swift in Sources */ = {isa = PBXBuildFile; fileRef = B9B857D12E3FF7EA00D47944 /* mortycalcUITests.swift */; };
		B9B857D42E3FF7EA00D47944 /* mortycalcUITestsLaunchTests.swift in Sources */ = {isa = PBXBuildFile; fileRef = B9B857D32E3FF7EA00D47944 /* mortycalcUITestsLaunchTests.swift */; };
		B9B857E42E40C11B00D47944 /* SpeakerDelayCalculator.swift in Sources */ = {isa = PBXBuildFile; fileRef = B9B857E22E40AC3400D47944 /* SpeakerDelayCalculator.swift */; };
		B9B857E72E40C6FD00D47944 /* mortycalcApp.swift in Sources */ = {isa = PBXBuildFile; fileRef = B9B857E62E40C6FD00D47944 /* mortycalcApp.swift */; };
/* End PBXBuildFile section */

/* Begin PBXContainerItemProxy section */
		B9B857C42E3FF7EA00D47944 /* PBXContainerItemProxy */ = {
			isa = PBXContainerItemProxy;
			containerPortal = B9B857A82E3FF7E900D47944 /* Project object */;
			proxyType = 1;
			remoteGlobalIDString = B9B857AF2E3FF7E900D47944;
			remoteInfo = mortycalc;
		};
		B9B857CE2E3FF7EA00D47944 /* PBXContainerItemProxy */ = {
			isa = PBXContainerItemProxy;
			containerPortal = B9B857A82E3FF7E900D47944 /* Project object */;
			proxyType = 1;
			remoteGlobalIDString = B9B857AF2E3FF7E900D47944;
			remoteInfo = mortycalc;
		};
/* End PBXContainerItemProxy section */

/* Begin PBXFileReference section */
		B9028AFB2E43D891004D363C /* Media.xcassets */ = {isa = PBXFileReference; lastKnownFileType = folder.assetcatalog; path = Media.xcassets; sourceTree = "<group>"; };
		B9B857B02E3FF7E900D47944 /* mortycalc.app */ = {isa = PBXFileReference; explicitFileType = wrapper.application; includeInIndex = 0; path = mortycalc.app; sourceTree = BUILT_PRODUCTS_DIR; };
		B9B857B92E3FF7EA00D47944 /* Assets.xcassets */ = {isa = PBXFileReference; lastKnownFileType = folder.assetcatalog; path = Assets.xcassets; sourceTree = "<group>"; };
		B9B857BC2E3FF7EA00D47944 /* Preview Assets.xcassets */ = {isa = PBXFileReference; lastKnownFileType = folder.assetcatalog; path = "Preview Assets.xcassets"; sourceTree = "<group>"; };
		B9B857BE2E3FF7EA00D47944 /* mortycalc.entitlements */ = {isa = PBXFileReference; lastKnownFileType = text.plist.entitlements; path = mortycalc.entitlements; sourceTree = "<group>"; };
		B9B857C32E3FF7EA00D47944 /* mortycalcTests.xctest */ = {isa = PBXFileReference; explicitFileType = wrapper.cfbundle; includeInIndex = 0; path = mortycalcTests.xctest; sourceTree = BUILT_PRODUCTS_DIR; };
		B9B857C72E3FF7EA00D47944 /* mortycalcTests.swift */ = {isa = PBXFileReference; lastKnownFileType = sourcecode.swift; path = mortycalcTests.swift; sourceTree = "<group>"; };
		B9B857CD2E3FF7EA00D47944 /* mortycalcUITests.xctest */ = {isa = PBXFileReference; explicitFileType = wrapper.cfbundle; includeInIndex = 0; path = mortycalcUITests.xctest; sourceTree = BUILT_PRODUCTS_DIR; };
		B9B857D12E3FF7EA00D47944 /* mortycalcUITests.swift */ = {isa = PBXFileReference; lastKnownFileType = sourcecode.swift; path = mortycalcUITests.swift; sourceTree = "<group>"; };
		B9B857D32E3FF7EA00D47944 /* mortycalcUITestsLaunchTests.swift */ = {isa = PBXFileReference; lastKnownFileType = sourcecode.swift; path = mortycalcUITestsLaunchTests.swift; sourceTree = "<group>"; };
		B9B857E22E40AC3400D47944 /* SpeakerDelayCalculator.swift */ = {isa = PBXFileReference; lastKnownFileType = sourcecode.swift; path = SpeakerDelayCalculator.swift; sourceTree = "<group>"; };
		B9B857E62E40C6FD00D47944 /* mortycalcApp.swift */ = {isa = PBXFileReference; lastKnownFileType = sourcecode.swift; path = mortycalcApp.swift; sourceTree = "<group>"; };
/* End PBXFileReference section */

/* Begin PBXFrameworksBuildPhase section */
		B9B857AD2E3FF7E900D47944 /* Frameworks */ = {
			isa = PBXFrameworksBuildPhase;
			buildActionMask = 2147483647;
			files = (
			);
			runOnlyForDeploymentPostprocessing = 0;
		};
		B9B857C02E3FF7EA00D47944 /* Frameworks */ = {
			isa = PBXFrameworksBuildPhase;
			buildActionMask = 2147483647;
			files = (
			);
			runOnlyForDeploymentPostprocessing = 0;
		};
		B9B857CA2E3FF7EA00D47944 /* Frameworks */ = {
			isa = PBXFrameworksBuildPhase;
			buildActionMask = 2147483647;
			files = (
			);
			runOnlyForDeploymentPostprocessing = 0;
		};
/* End PBXFrameworksBuildPhase section */

/* Begin PBXGroup section */
		B9B857A72E3FF7E900D47944 = {
			isa = PBXGroup;
			children = (
				B9B857B22E3FF7E900D47944 /* mortycalc */,
				B9B857C62E3FF7EA00D47944 /* mortycalcTests */,
				B9B857D02E3FF7EA00D47944 /* mortycalcUITests */,
				B9B857B12E3FF7E900D47944 /* Products */,
			);
			sourceTree = "<group>";
		};
		B9B857B12E3FF7E900D47944 /* Products */ = {
			isa = PBXGroup;
			children = (
				B9B857B02E3FF7E900D47944 /* mortycalc.app */,
				B9B857C32E3FF7EA00D47944 /* mortycalcTests.xctest */,
				B9B857CD2E3FF7EA00D47944 /* mortycalcUITests.xctest */,
			);
			name = Products;
			sourceTree = "<group>";
		};
		B9B857B22E3FF7E900D47944 /* mortycalc */ = {
			isa = PBXGroup;
			children = (
				B9B857E62E40C6FD00D47944 /* mortycalcApp.swift */,
				B9B857B92E3FF7EA00D47944 /* Assets.xcassets */,
				B9B857BE2E3FF7EA00D47944 /* mortycalc.entitlements */,
				B9B857BB2E3FF7EA00D47944 /* Preview Content */,
				B9028AFB2E43D891004D363C /* Media.xcassets */,
			);
			path = mortycalc;
			sourceTree = "<group>";
		};
		B9B857BB2E3FF7EA00D47944 /* Preview Content */ = {
			isa = PBXGroup;
			children = (
				B9B857BC2E3FF7EA00D47944 /* Preview Assets.xcassets */,
			);
			path = "Preview Content";
			sourceTree = "<group>";
		};
		B9B857C62E3FF7EA00D47944 /* mortycalcTests */ = {
			isa = PBXGroup;
			children = (
				B9B857C72E3FF7EA00D47944 /* mortycalcTests.swift */,
			);
			path = mortycalcTests;
			sourceTree = "<group>";
		};
		B9B857D02E3FF7EA00D47944 /* mortycalcUITests */ = {
			isa = PBXGroup;
			children = (
				B9B857D12E3FF7EA00D47944 /* mortycalcUITests.swift */,
				B9B857D32E3FF7EA00D47944 /* mortycalcUITestsLaunchTests.swift */,
				B9B857E22E40AC3400D47944 /* SpeakerDelayCalculator.swift */,
			);
			path = mortycalcUITests;
			sourceTree = "<group>";
		};
/* End PBXGroup section */

/* Begin PBXNativeTarget section */
		B9B857AF2E3FF7E900D47944 /* mortycalc */ = {
			isa = PBXNativeTarget;
			buildConfigurationList = B9B857D72E3FF7EA00D47944 /* Build configuration list for PBXNativeTarget "mortycalc" */;
			buildPhases = (
				B9B857AC2E3FF7E900D47944 /* Sources */,
				B9B857AD2E3FF7E900D47944 /* Frameworks */,
				B9B857AE2E3FF7E900D47944 /* Resources */,
			);
			buildRules = (
			);
			dependencies = (
			);
			name = mortycalc;
			productName = mortycalc;
			productReference = B9B857B02E3FF7E900D47944 /* mortycalc.app */;
			productType = "com.apple.product-type.application";
		};
		B9B857C22E3FF7EA00D47944 /* mortycalcTests */ = {
			isa = PBXNativeTarget;
			buildConfigurationList = B9B857DA2E3FF7EA00D47944 /* Build configuration list for PBXNativeTarget "mortycalcTests" */;
			buildPhases = (
				B9B857BF2E3FF7EA00D47944 /* Sources */,
				B9B857C02E3FF7EA00D47944 /* Frameworks */,
				B9B857C12E3FF7EA00D47944 /* Resources */,
			);
			buildRules = (
			);
			dependencies = (
				B9B857C52E3FF7EA00D47944 /* PBXTargetDependency */,
			);
			name = mortycalcTests;
			productName = mortycalcTests;
			productReference = B9B857C32E3FF7EA00D47944 /* mortycalcTests.xctest */;
			productType = "com.apple.product-type.bundle.unit-test";
		};
		B9B857CC2E3FF7EA00D47944 /* mortycalcUITests */ = {
			isa = PBXNativeTarget;
			buildConfigurationList = B9B857DD2E3FF7EA00D47944 /* Build configuration list for PBXNativeTarget "mortycalcUITests" */;
			buildPhases = (
				B9B857C92E3FF7EA00D47944 /* Sources */,
				B9B857CA2E3FF7EA00D47944 /* Frameworks */,
				B9B857CB2E3FF7EA00D47944 /* Resources */,
			);
			buildRules = (
			);
			dependencies = (
				B9B857CF2E3FF7EA00D47944 /* PBXTargetDependency */,
			);
			name = mortycalcUITests;
			productName = mortycalcUITests;
			productReference = B9B857CD2E3FF7EA00D47944 /* mortycalcUITests.xctest */;
			productType = "com.apple.product-type.bundle.ui-testing";
		};
/* End PBXNativeTarget section */

/* Begin PBXProject section */
		B9B857A82E3FF7E900D47944 /* Project object */ = {
			isa = PBXProject;
			attributes = {
				BuildIndependentTargetsInParallel = 1;
				LastSwiftUpdateCheck = 1540;
				LastUpgradeCheck = 1540;
				TargetAttributes = {
					B9B857AF2E3FF7E900D47944 = {
						CreatedOnToolsVersion = 15.4;
					};
					B9B857C22E3FF7EA00D47944 = {
						CreatedOnToolsVersion = 15.4;
						TestTargetID = B9B857AF2E3FF7E900D47944;
					};
					B9B857CC2E3FF7EA00D47944 = {
						CreatedOnToolsVersion = 15.4;
						TestTargetID = B9B857AF2E3FF7E900D47944;
					};
				};
			};
			buildConfigurationList = B9B857AB2E3FF7E900D47944 /* Build configuration list for PBXProject "mortycalc" */;
			compatibilityVersion = "Xcode 14.0";
			developmentRegion = en;
			hasScannedForEncodings = 0;
			knownRegions = (
				en,
				Base,
			);
			mainGroup = B9B857A72E3FF7E900D47944;
			productRefGroup = B9B857B12E3FF7E900D47944 /* Products */;
			projectDirPath = "";
			projectRoot = "";
			targets = (
				B9B857AF2E3FF7E900D47944 /* mortycalc */,
				B9B857C22E3FF7EA00D47944 /* mortycalcTests */,
				B9B857CC2E3FF7EA00D47944 /* mortycalcUITests */,
			);
		};
/* End PBXProject section */

/* Begin PBXResourcesBuildPhase section */
		B9B857AE2E3FF7E900D47944 /* Resources */ = {
			isa = PBXResourcesBuildPhase;
			buildActionMask = 2147483647;
			files = (
				B9B857BD2E3FF7EA00D47944 /* Preview Assets.xcassets in Resources */,
				B9028AFC2E43D891004D363C /* Media.xcassets in Resources */,
				B9B857BA2E3FF7EA00D47944 /* Assets.xcassets in Resources */,
			);
			runOnlyForDeploymentPostprocessing = 0;
		};
		B9B857C12E3FF7EA00D47944 /* Resources */ = {
			isa = PBXResourcesBuildPhase;
			buildActionMask = 2147483647;
			files = (
			);
			runOnlyForDeploymentPostprocessing = 0;
		};
		B9B857CB2E3FF7EA00D47944 /* Resources */ = {
			isa = PBXResourcesBuildPhase;
			buildActionMask = 2147483647;
			files = (
			);
			runOnlyForDeploymentPostprocessing = 0;
		};
/* End PBXResourcesBuildPhase section */

/* Begin PBXSourcesBuildPhase section */
		B9B857AC2E3FF7E900D47944 /* Sources */ = {
			isa = PBXSourcesBuildPhase;
			buildActionMask = 2147483647;
			files = (
				B9B857E72E40C6FD00D47944 /* mortycalcApp.swift in Sources */,
			);
			runOnlyForDeploymentPostprocessing = 0;
		};
		B9B857BF2E3FF7EA00D47944 /* Sources */ = {
			isa = PBXSourcesBuildPhase;
			buildActionMask = 2147483647;
			files = (
				B9B857C82E3FF7EA00D47944 /* mortycalcTests.swift in Sources */,
			);
			runOnlyForDeploymentPostprocessing = 0;
		};
		B9B857C92E3FF7EA00D47944 /* Sources */ = {
			isa = PBXSourcesBuildPhase;
			buildActionMask = 2147483647;
			files = (
				B9B857E42E40C11B00D47944 /* SpeakerDelayCalculator.swift in Sources */,
				B9B857D22E3FF7EA00D47944 /* mortycalcUITests.swift in Sources */,
				B9B857D42E3FF7EA00D47944 /* mortycalcUITestsLaunchTests.swift in Sources */,
			);
			runOnlyForDeploymentPostprocessing = 0;
		};
/* End PBXSourcesBuildPhase section */

/* Begin PBXTargetDependency section */
		B9B857C52E3FF7EA00D47944 /* PBXTargetDependency */ = {
			isa = PBXTargetDependency;
			target = B9B857AF2E3FF7E900D47944 /* mortycalc */;
			targetProxy = B9B857C42E3FF7EA00D47944 /* PBXContainerItemProxy */;
		};
		B9B857CF2E3FF7EA00D47944 /* PBXTargetDependency */ = {
			isa = PBXTargetDependency;
			target = B9B857AF2E3FF7E900D47944 /* mortycalc */;
			targetProxy = B9B857CE2E3FF7EA00D47944 /* PBXContainerItemProxy */;
		};
/* End PBXTargetDependency section */

/* Begin XCBuildConfiguration section */
		B9B857D52E3FF7EA00D47944 /* Debug */ = {
			isa = XCBuildConfiguration;
			buildSettings = {
				ALWAYS_SEARCH_USER_PATHS = NO;
				ASSETCATALOG_COMPILER_GENERATE_SWIFT_ASSET_SYMBOL_EXTENSIONS = YES;
				CLANG_ANALYZER_NONNULL = YES;
				CLANG_ANALYZER_NUMBER_OBJECT_CONVERSION = YES_AGGRESSIVE;
				CLANG_CXX_LANGUAGE_STANDARD = "gnu++20";
				CLANG_ENABLE_MODULES = YES;
				CLANG_ENABLE_OBJC_ARC = YES;
				CLANG_ENABLE_OBJC_WEAK = YES;
				CLANG_WARN_BLOCK_CAPTURE_AUTORELEASING = YES;
				CLANG_WARN_BOOL_CONVERSION = YES;
				CLANG_WARN_COMMA = YES;
				CLANG_WARN_CONSTANT_CONVERSION = YES;
				CLANG_WARN_DEPRECATED_OBJC_IMPLEMENTATIONS = YES;
				CLANG_WARN_DIRECT_OBJC_ISA_USAGE = YES_ERROR;
				CLANG_WARN_DOCUMENTATION_COMMENTS = YES;
				CLANG_WARN_EMPTY_BODY = YES;
				CLANG_WARN_ENUM_CONVERSION = YES;
				CLANG_WARN_INFINITE_RECURSION = YES;
				CLANG_WARN_INT_CONVERSION = YES;
				CLANG_WARN_NON_LITERAL_NULL_CONVERSION = YES;
				CLANG_WARN_OBJC_IMPLICIT_RETAIN_SELF = YES;
				CLANG_WARN_OBJC_LITERAL_CONVERSION = YES;
				CLANG_WARN_OBJC_ROOT_CLASS = YES_ERROR;
				CLANG_WARN_QUOTED_INCLUDE_IN_FRAMEWORK_HEADER = YES;
				CLANG_WARN_RANGE_LOOP_ANALYSIS = YES;
				CLANG_WARN_STRICT_PROTOTYPES = YES;
				CLANG_WARN_SUSPICIOUS_MOVE = YES;
				CLANG_WARN_UNGUARDED_AVAILABILITY = YES_AGGRESSIVE;
				CLANG_WARN_UNREACHABLE_CODE = YES;
				CLANG_WARN__DUPLICATE_METHOD_MATCH = YES;
				COPY_PHASE_STRIP = NO;
				DEBUG_INFORMATION_FORMAT = dwarf;
				ENABLE_STRICT_OBJC_MSGSEND = YES;
				ENABLE_TESTABILITY = YES;
				ENABLE_USER_SCRIPT_SANDBOXING = YES;
				GCC_C_LANGUAGE_STANDARD = gnu17;
				GCC_DYNAMIC_NO_PIC = NO;
				GCC_NO_COMMON_BLOCKS = YES;
				GCC_OPTIMIZATION_LEVEL = 0;
				GCC_PREPROCESSOR_DEFINITIONS = (
					"DEBUG=1",
					"$(inherited)",
				);
				GCC_WARN_64_TO_32_BIT_CONVERSION = YES;
				GCC_WARN_ABOUT_RETURN_TYPE = YES_ERROR;
				GCC_WARN_UNDECLARED_SELECTOR = YES;
				GCC_WARN_UNINITIALIZED_AUTOS = YES_AGGRESSIVE;
				GCC_WARN_UNUSED_FUNCTION = YES;
				GCC_WARN_UNUSED_VARIABLE = YES;
				LOCALIZATION_PREFERS_STRING_CATALOGS = YES;
				MACOSX_DEPLOYMENT_TARGET = 13.0;
				MTL_ENABLE_DEBUG_INFO = INCLUDE_SOURCE;
				MTL_FAST_MATH = YES;
				ONLY_ACTIVE_ARCH = YES;
				SDKROOT = macosx;
				SWIFT_ACTIVE_COMPILATION_CONDITIONS = "DEBUG $(inherited)";
				SWIFT_OPTIMIZATION_LEVEL = "-Onone";
			};
			name = Debug;
		};
		B9B857D62E3FF7EA00D47944 /* Release */ = {
			isa = XCBuildConfiguration;
			buildSettings = {
				ALWAYS_SEARCH_USER_PATHS = NO;
				ASSETCATALOG_COMPILER_GENERATE_SWIFT_ASSET_SYMBOL_EXTENSIONS = YES;
				CLANG_ANALYZER_NONNULL = YES;
				CLANG_ANALYZER_NUMBER_OBJECT_CONVERSION = YES_AGGRESSIVE;
				CLANG_CXX_LANGUAGE_STANDARD = "gnu++20";
				CLANG_ENABLE_MODULES = YES;
				CLANG_ENABLE_OBJC_ARC = YES;
				CLANG_ENABLE_OBJC_WEAK = YES;
				CLANG_WARN_BLOCK_CAPTURE_AUTORELEASING = YES;
				CLANG_WARN_BOOL_CONVERSION = YES;
				CLANG_WARN_COMMA = YES;
				CLANG_WARN_CONSTANT_CONVERSION = YES;
				CLANG_WARN_DEPRECATED_OBJC_IMPLEMENTATIONS = YES;
				CLANG_WARN_DIRECT_OBJC_ISA_USAGE = YES_ERROR;
				CLANG_WARN_DOCUMENTATION_COMMENTS = YES;
				CLANG_WARN_EMPTY_BODY = YES;
				CLANG_WARN_ENUM_CONVERSION = YES;
				CLANG_WARN_INFINITE_RECURSION = YES;
				CLANG_WARN_INT_CONVERSION = YES;
				CLANG_WARN_NON_LITERAL_NULL_CONVERSION = YES;
				CLANG_WARN_OBJC_IMPLICIT_RETAIN_SELF = YES;
				CLANG_WARN_OBJC_LITERAL_CONVERSION = YES;
				CLANG_WARN_OBJC_ROOT_CLASS = YES_ERROR;
				CLANG_WARN_QUOTED_INCLUDE_IN_FRAMEWORK_HEADER = YES;
				CLANG_WARN_RANGE_LOOP_ANALYSIS = YES;
				CLANG_WARN_STRICT_PROTOTYPES = YES;
				CLANG_WARN_SUSPICIOUS_MOVE = YES;
				CLANG_WARN_UNGUARDED_AVAILABILITY = YES_AGGRESSIVE;
				CLANG_WARN_UNREACHABLE_CODE = YES;
				CLANG_WARN__DUPLICATE_METHOD_MATCH = YES;
				COPY_PHASE_STRIP = NO;
				DEBUG_INFORMATION_FORMAT = "dwarf-with-dsym";
				ENABLE_NS_ASSERTIONS = NO;
				ENABLE_STRICT_OBJC_MSGSEND = YES;
				ENABLE_USER_SCRIPT_SANDBOXING = YES;
				GCC_C_LANGUAGE_STANDARD = gnu17;
				GCC_NO_COMMON_BLOCKS = YES;
				GCC_WARN_64_TO_32_BIT_CONVERSION = YES;
				GCC_WARN_ABOUT_RETURN_TYPE = YES_ERROR;
				GCC_WARN_UNDECLARED_SELECTOR = YES;
				GCC_WARN_UNINITIALIZED_AUTOS = YES_AGGRESSIVE;
				GCC_WARN_UNUSED_FUNCTION = YES;
				GCC_WARN_UNUSED_VARIABLE = YES;
				LOCALIZATION_PREFERS_STRING_CATALOGS = YES;
				MACOSX_DEPLOYMENT_TARGET = 13.0;
				MTL_ENABLE_DEBUG_INFO = NO;
				MTL_FAST_MATH = YES;
				SDKROOT = macosx;
				SWIFT_COMPILATION_MODE = wholemodule;
			};
			name = Release;
		};
		B9B857D82E3FF7EA00D47944 /* Debug */ = {
			isa = XCBuildConfiguration;
			buildSettings = {
				ASSETCATALOG_COMPILER_APPICON_NAME = AppIcon;
				ASSETCATALOG_COMPILER_GLOBAL_ACCENT_COLOR_NAME = AccentColor;
				ASSETCATALOG_COMPILER_INCLUDE_ALL_APPICON_ASSETS = YES;
				CODE_SIGN_ENTITLEMENTS = mortycalc/mortycalc.entitlements;
				CODE_SIGN_STYLE = Automatic;
				COMBINE_HIDPI_IMAGES = YES;
				CURRENT_PROJECT_VERSION = 1;
				DEVELOPMENT_ASSET_PATHS = "\"mortycalc/Preview Content\"";
				DEVELOPMENT_TEAM = 3895MH6LNY;
				ENABLE_HARDENED_RUNTIME = YES;
				ENABLE_PREVIEWS = YES;
				GENERATE_INFOPLIST_FILE = YES;
				INFOPLIST_KEY_LSApplicationCategoryType = "public.app-category.education";
				INFOPLIST_KEY_NSHumanReadableCopyright = "";
				LD_RUNPATH_SEARCH_PATHS = (
					"$(inherited)",
					"@executable_path/../Frameworks",
				);
				MACOSX_DEPLOYMENT_TARGET = 13.0;
				MARKETING_VERSION = 1.0;
				PRODUCT_BUNDLE_IDENTIFIER = lunia.mortycalc;
				PRODUCT_NAME = "$(TARGET_NAME)";
				SWIFT_EMIT_LOC_STRINGS = YES;
				SWIFT_VERSION = 5.0;
			};
			name = Debug;
		};
		B9B857D92E3FF7EA00D47944 /* Release */ = {
			isa = XCBuildConfiguration;
			buildSettings = {
				ASSETCATALOG_COMPILER_APPICON_NAME = AppIcon;
				ASSETCATALOG_COMPILER_GLOBAL_ACCENT_COLOR_NAME = AccentColor;
				ASSETCATALOG_COMPILER_INCLUDE_ALL_APPICON_ASSETS = YES;
				CODE_SIGN_ENTITLEMENTS = mortycalc/mortycalc.entitlements;
				CODE_SIGN_STYLE = Automatic;
				COMBINE_HIDPI_IMAGES = YES;
				CURRENT_PROJECT_VERSION = 1;
				DEVELOPMENT_ASSET_PATHS = "\"mortycalc/Preview Content\"";
				DEVELOPMENT_TEAM = 3895MH6LNY;
				ENABLE_HARDENED_RUNTIME = YES;
				ENABLE_PREVIEWS = YES;
				GENERATE_INFOPLIST_FILE = YES;
				INFOPLIST_KEY_LSApplicationCategoryType = "public.app-category.education";
				INFOPLIST_KEY_NSHumanReadableCopyright = "";
				LD_RUNPATH_SEARCH_PATHS = (
					"$(inherited)",
					"@executable_path/../Frameworks",
				);
				MACOSX_DEPLOYMENT_TARGET = 13.0;
				MARKETING_VERSION = 1.0;
				PRODUCT_BUNDLE_IDENTIFIER = lunia.mortycalc;
				PRODUCT_NAME = "$(TARGET_NAME)";
				SWIFT_EMIT_LOC_STRINGS = YES;
				SWIFT_VERSION = 5.0;
			};
			name = Release;
		};
		B9B857DB2E3FF7EA00D47944 /* Debug */ = {
			isa = XCBuildConfiguration;
			buildSettings = {
				ALWAYS_EMBED_SWIFT_STANDARD_LIBRARIES = YES;
				BUNDLE_LOADER = "$(TEST_HOST)";
				CODE_SIGN_STYLE = Automatic;
				CURRENT_PROJECT_VERSION = 1;
				DEVELOPMENT_TEAM = 3895MH6LNY;
				GENERATE_INFOPLIST_FILE = YES;
				MACOSX_DEPLOYMENT_TARGET = 14.0;
				MARKETING_VERSION = 1.0;
				PRODUCT_BUNDLE_IDENTIFIER = lunia.mortycalcTests;
				PRODUCT_NAME = "$(TARGET_NAME)";
				SWIFT_EMIT_LOC_STRINGS = NO;
				SWIFT_VERSION = 5.0;
				TEST_HOST = "$(BUILT_PRODUCTS_DIR)/mortycalc.app/$(BUNDLE_EXECUTABLE_FOLDER_PATH)/mortycalc";
			};
			name = Debug;
		};
		B9B857DC2E3FF7EA00D47944 /* Release */ = {
			isa = XCBuildConfiguration;
			buildSettings = {
				ALWAYS_EMBED_SWIFT_STANDARD_LIBRARIES = YES;
				BUNDLE_LOADER = "$(TEST_HOST)";
				CODE_SIGN_STYLE = Automatic;
				CURRENT_PROJECT_VERSION = 1;
				DEVELOPMENT_TEAM = 3895MH6LNY;
				GENERATE_INFOPLIST_FILE = YES;
				MACOSX_DEPLOYMENT_TARGET = 14.0;
				MARKETING_VERSION = 1.0;
				PRODUCT_BUNDLE_IDENTIFIER = lunia.mortycalcTests;
				PRODUCT_NAME = "$(TARGET_NAME)";
				SWIFT_EMIT_LOC_STRINGS = NO;
				SWIFT_VERSION = 5.0;
				TEST_HOST = "$(BUILT_PRODUCTS_DIR)/mortycalc.app/$(BUNDLE_EXECUTABLE_FOLDER_PATH)/mortycalc";
			};
			name = Release;
		};
		B9B857DE2E3FF7EA00D47944 /* Debug */ = {
			isa = XCBuildConfiguration;
			buildSettings = {
				ALWAYS_EMBED_SWIFT_STANDARD_LIBRARIES = YES;
				CODE_SIGN_STYLE = Automatic;
				CURRENT_PROJECT_VERSION = 1;
				DEVELOPMENT_TEAM = 3895MH6LNY;
				GENERATE_INFOPLIST_FILE = YES;
				MARKETING_VERSION = 1.0;
				PRODUCT_BUNDLE_IDENTIFIER = lunia.mortycalcUITests;
				PRODUCT_NAME = "$(TARGET_NAME)";
				SWIFT_EMIT_LOC_STRINGS = NO;
				SWIFT_VERSION = 5.0;
				TEST_TARGET_NAME = mortycalc;
			};
			name = Debug;
		};
		B9B857DF2E3FF7EA00D47944 /* Release */ = {
			isa = XCBuildConfiguration;
			buildSettings = {
				ALWAYS_EMBED_SWIFT_STANDARD_LIBRARIES = YES;
				CODE_SIGN_STYLE = Automatic;
				CURRENT_PROJECT_VERSION = 1;
				DEVELOPMENT_TEAM = 3895MH6LNY;
				GENERATE_INFOPLIST_FILE = YES;
				MARKETING_VERSION = 1.0;
				PRODUCT_BUNDLE_IDENTIFIER = lunia.mortycalcUITests;
				PRODUCT_NAME = "$(TARGET_NAME)";
				SWIFT_EMIT_LOC_STRINGS = NO;
				SWIFT_VERSION = 5.0;
				TEST_TARGET_NAME = mortycalc;
			};
			name = Release;
		};
/* End XCBuildConfiguration section */

/* Begin XCConfigurationList section */
		B9B857AB2E3FF7E900D47944 /* Build configuration list for PBXProject "mortycalc" */ = {
			isa = XCConfigurationList;
			buildConfigurations = (
				B9B857D52E3FF7EA00D47944 /* Debug */,
				B9B857D62E3FF7EA00D47944 /* Release */,
			);
			defaultConfigurationIsVisible = 0;
			defaultConfigurationName = Release;
		};
		B9B857D72E3FF7EA00D47944 /* Build configuration list for PBXNativeTarget "mortycalc" */ = {
			isa = XCConfigurationList;
			buildConfigurations = (
				B9B857D82E3FF7EA00D47944 /* Debug */,
				B9B857D92E3FF7EA00D47944 /* Release */,
			);
			defaultConfigurationIsVisible = 0;
			defaultConfigurationName = Release;
		};
		B9B857DA2E3FF7EA00D47944 /* Build configuration list for PBXNativeTarget "mortycalcTests" */ = {
			isa = XCConfigurationList;
			buildConfigurations = (
				B9B857DB2E3FF7EA00D47944 /* Debug */,
				B9B857DC2E3FF7EA00D47944 /* Release */,
			);
			defaultConfigurationIsVisible = 0;
			defaultConfigurationName = Release;
		};
		B9B857DD2E3FF7EA00D47944 /* Build configuration list for PBXNativeTarget "mortycalcUITests" */ = {
			isa = XCConfigurationList;
			buildConfigurations = (
				B9B857DE2E3FF7EA00D47944 /* Debug */,
				B9B857DF2E3FF7EA00D47944 /* Release */,
			);
			defaultConfigurationIsVisible = 0;
			defaultConfigurationName = Release;
		};
/* End XCConfigurationList section */
	};
	rootObject = B9B857A82E3FF7E900D47944 /* Project object */;
}
